
Microsoft Visual Studio Solution File, Format Version 12.00
# Visual Studio 15
VisualStudioVersion = 15.0.34112.143
MinimumVisualStudioVersion = 10.0.40219.1
Project("{159641D6-6404-4A2A-AE62-294DE0FE8301}") = "Integration Services SSIS Course", "Integration Services SSIS Course\Integration Services SSIS Course.dtproj", "{C2BAC7FD-E30E-4D14-AE29-5EEA71ECEB82}"
EndProject
Global
	GlobalSection(SolutionConfigurationPlatforms) = preSolution
		Development|Default = Development|Default
	EndGlobalSection
	GlobalSection(ProjectConfigurationPlatforms) = postSolution
		{C2BAC7FD-E30E-4D14-AE29-5EEA71ECEB82}.Development|Default.ActiveCfg = Development
		{C2BAC7FD-E30E-4D14-AE29-5EEA71ECEB82}.Development|Default.Build.0 = Development
	EndGlobalSection
	GlobalSection(SolutionProperties) = preSolution
		HideSolutionNode = FALSE
	EndGlobalSection
	GlobalSection(ExtensibilityGlobals) = postSolution
		SolutionGuid = {A29A89FB-E2AC-472D-A1A0-C7DB473D4A10}
	EndGlobalSection
EndGlobal
